{
  "requires": true,
  "lockfileVersion": 1,
  "dependencies": {
    "swagger-markdown": {
      "version": "1.4.2",
      "resolved": "https://registry.npmjs.org/swagger-markdown/-/swagger-markdown-1.4.2.tgz",
      "integrity": "sha512-DXj9FkJg5noeriqdAKU4RCNkb2lU+lE+oRQoo2TjYCtWrOGMdccez3GKcLBmzdnP0oi+EDv+Gc0hjeYGG5vlzQ==",
      "requires": {
        "argparse": "^1.0.10",
        "markdownlint": "^0.20.4",
        "markdownlint-rule-helpers": "^0.11.0",
        "swagger-parser": "^9.0.1"
      },
      "dependencies": {
        "@apidevtools/json-schema-ref-parser": {
          "version": "8.0.0",
          "resolved": "https://registry.npmjs.org/@apidevtools/json-schema-ref-parser/-/json-schema-ref-parser-8.0.0.tgz",
          "integrity": "sha512-n4YBtwQhdpLto1BaUCyAeflizmIbaloGShsPyRtFf5qdFJxfssj+GgLavczgKJFa3Bq+3St2CKcpRJdjtB4EBw==",
          "requires": {
            "@jsdevtools/ono": "^7.1.0",
            "call-me-maybe": "^1.0.1",
            "js-yaml": "^3.13.1"
          }
        },
        "@apidevtools/openapi-schemas": {
          "version": "2.0.4",
          "resolved": "https://registry.npmjs.org/@apidevtools/openapi-schemas/-/openapi-schemas-2.0.4.tgz",
          "integrity": "sha512-ob5c4UiaMYkb24pNhvfSABShAwpREvUGCkqjiz/BX9gKZ32y/S22M+ALIHftTAuv9KsFVSpVdIDzi9ZzFh5TCA=="
        },
        "@apidevtools/swagger-methods": {
          "version": "3.0.2",
          "resolved": "https://registry.npmjs.org/@apidevtools/swagger-methods/-/swagger-methods-3.0.2.tgz",
          "integrity": "sha512-QAkD5kK2b1WfjDS/UQn/qQkbwF31uqRjPTrsCs5ZG9BQGAkjwvqGFjjPqAuzac/IYzpPtRzjCP1WrTuAIjMrXg=="
        },
        "@apidevtools/swagger-parser": {
          "version": "9.0.1",
          "resolved": "https://registry.npmjs.org/@apidevtools/swagger-parser/-/swagger-parser-9.0.1.tgz",
          "integrity": "sha512-Irqybg4dQrcHhZcxJc/UM4vO7Ksoj1Id5e+K94XUOzllqX1n47HEA50EKiXTCQbykxuJ4cYGIivjx/MRSTC5OA==",
          "requires": {
            "@apidevtools/json-schema-ref-parser": "^8.0.0",
            "@apidevtools/openapi-schemas": "^2.0.2",
            "@apidevtools/swagger-methods": "^3.0.0",
            "@jsdevtools/ono": "^7.1.0",
            "call-me-maybe": "^1.0.1",
            "openapi-types": "^1.3.5",
            "z-schema": "^4.2.2"
          }
        },
        "@jsdevtools/ono": {
          "version": "7.1.3",
          "resolved": "https://registry.npmjs.org/@jsdevtools/ono/-/ono-7.1.3.tgz",
          "integrity": "sha512-4JQNk+3mVzK3xh2rqd6RB4J46qUR19azEHBneZyTZM+c456qOrbbM/5xcR8huNCCcbVt7+UmizG6GuUvPvKUYg=="
        },
        "argparse": {
          "version": "1.0.10",
          "resolved": "https://registry.npmjs.org/argparse/-/argparse-1.0.10.tgz",
          "integrity": "sha512-o5Roy6tNG4SL/FOkCAN6RzjiakZS25RLYFrcMttJqbdd8BWrnA+fGz57iN5Pb06pvBGvl5gQ0B48dJlslXvoTg==",
          "requires": {
            "sprintf-js": "~1.0.2"
          }
        },
        "call-me-maybe": {
          "version": "1.0.1",
          "resolved": "https://registry.npmjs.org/call-me-maybe/-/call-me-maybe-1.0.1.tgz",
          "integrity": "sha1-JtII6onje1y95gJQoV8DHBak1ms="
        },
        "commander": {
          "version": "2.20.3",
          "resolved": "https://registry.npmjs.org/commander/-/commander-2.20.3.tgz",
          "integrity": "sha512-GpVkmM8vF2vQUkj2LvZmD35JxeJOLCwJ9cUkugyk2nuhbv3+mJvpLYYt+0+USMxE+oj+ey/lJEnhZw75x/OMcQ==",
          "optional": true
        },
        "entities": {
          "version": "2.0.3",
          "resolved": "https://registry.npmjs.org/entities/-/entities-2.0.3.tgz",
          "integrity": "sha512-MyoZ0jgnLvB2X3Lg5HqpFmn1kybDiIfEQmKzTb5apr51Rb+T3KdmMiqa70T+bhGnyv7bQ6WMj2QMHpGMmlrUYQ=="
        },
        "esprima": {
          "version": "4.0.1",
          "resolved": "https://registry.npmjs.org/esprima/-/esprima-4.0.1.tgz",
          "integrity": "sha512-eGuFFw7Upda+g4p+QHvnW0RyTX/SVeJBDM/gCtMARO0cLuT2HcEKnTPvhjV6aGeqrCB/sbNop0Kszm0jsaWU4A=="
        },
        "js-yaml": {
          "version": "3.14.0",
          "resolved": "https://registry.npmjs.org/js-yaml/-/js-yaml-3.14.0.tgz",
          "integrity": "sha512-/4IbIeHcD9VMHFqDR/gQ7EdZdLimOvW2DdcxFjdyyZ9NsbS+ccrXqVWDtab/lRl5AlUqmpBx8EhPaWR+OtY17A==",
          "requires": {
            "argparse": "^1.0.7",
            "esprima": "^4.0.0"
          }
        },
        "linkify-it": {
          "version": "2.2.0",
          "resolved": "https://registry.npmjs.org/linkify-it/-/linkify-it-2.2.0.tgz",
          "integrity": "sha512-GnAl/knGn+i1U/wjBz3akz2stz+HrHLsxMwHQGofCDfPvlf+gDKN58UtfmUquTY4/MXeE2x7k19KQmeoZi94Iw==",
          "requires": {
            "uc.micro": "^1.0.1"
          }
        },
        "lodash.get": {
          "version": "4.4.2",
          "resolved": "https://registry.npmjs.org/lodash.get/-/lodash.get-4.4.2.tgz",
          "integrity": "sha1-LRd/ZS+jHpObRDjVNBSZ36OCXpk="
        },
        "lodash.isequal": {
          "version": "4.5.0",
          "resolved": "https://registry.npmjs.org/lodash.isequal/-/lodash.isequal-4.5.0.tgz",
          "integrity": "sha1-QVxEePK8wwEgwizhDtMib30+GOA="
        },
        "markdown-it": {
          "version": "10.0.0",
          "resolved": "https://registry.npmjs.org/markdown-it/-/markdown-it-10.0.0.tgz",
          "integrity": "sha512-YWOP1j7UbDNz+TumYP1kpwnP0aEa711cJjrAQrzd0UXlbJfc5aAq0F/PZHjiioqDC1NKgvIMX+o+9Bk7yuM2dg==",
          "requires": {
            "argparse": "^1.0.7",
            "entities": "~2.0.0",
            "linkify-it": "^2.0.0",
            "mdurl": "^1.0.1",
            "uc.micro": "^1.0.5"
          }
        },
        "markdownlint": {
          "version": "0.20.4",
          "resolved": "https://registry.npmjs.org/markdownlint/-/markdownlint-0.20.4.tgz",
          "integrity": "sha512-jpfaPgjT0OpeBbemjYNZbzGG3hCLcAIvrm/pEY3+q/szDScG6ZonDacqySVRJAv9glbo8y4wBPJ0wgW17+9GGA==",
          "requires": {
            "markdown-it": "10.0.0"
          }
        },
        "markdownlint-rule-helpers": {
          "version": "0.11.0",
          "resolved": "https://registry.npmjs.org/markdownlint-rule-helpers/-/markdownlint-rule-helpers-0.11.0.tgz",
          "integrity": "sha512-PhGii9dOiDJDXxiRMpK8N0FM9powprvRPsXALgkjlSPTwLh6ymH+iF3iUe3nq8KGu26tclFBlLL5xAGy/zb7FA=="
        },
        "mdurl": {
          "version": "1.0.1",
          "resolved": "https://registry.npmjs.org/mdurl/-/mdurl-1.0.1.tgz",
          "integrity": "sha1-/oWy7HWlkDfyrf7BAP1sYBdhFS4="
        },
        "openapi-types": {
          "version": "1.3.5",
          "resolved": "https://registry.npmjs.org/openapi-types/-/openapi-types-1.3.5.tgz",
          "integrity": "sha512-11oi4zYorsgvg5yBarZplAqbpev5HkuVNPlZaPTknPDzAynq+lnJdXAmruGWP0s+dNYZS7bjM+xrTpJw7184Fg=="
        },
        "sprintf-js": {
          "version": "1.0.3",
          "resolved": "https://registry.npmjs.org/sprintf-js/-/sprintf-js-1.0.3.tgz",
          "integrity": "sha1-BOaSb2YolTVPPdAVIDYzuFcpfiw="
        },
        "swagger-parser": {
          "version": "9.0.1",
          "resolved": "https://registry.npmjs.org/swagger-parser/-/swagger-parser-9.0.1.tgz",
          "integrity": "sha512-oxOHUaeNetO9ChhTJm2fD+48DbGbLD09ZEOwPOWEqcW8J6zmjWxutXtSuOiXsoRgDWvORYlImbwM21Pn+EiuvQ==",
          "requires": {
            "@apidevtools/swagger-parser": "9.0.1"
          }
        },
        "uc.micro": {
          "version": "1.0.6",
          "resolved": "https://registry.npmjs.org/uc.micro/-/uc.micro-1.0.6.tgz",
          "integrity": "sha512-8Y75pvTYkLJW2hWQHXxoqRgV7qb9B+9vFEtidML+7koHUFapnVJAZ6cKs+Qjz5Aw3aZWHMC6u0wJE3At+nSGwA=="
        },
        "validator": {
          "version": "12.2.0",
          "resolved": "https://registry.npmjs.org/validator/-/validator-12.2.0.tgz",
          "integrity": "sha512-jJfE/DW6tIK1Ek8nCfNFqt8Wb3nzMoAbocBF6/Icgg1ZFSBpObdnwVY2jQj6qUqzhx5jc71fpvBWyLGO7Xl+nQ=="
        },
        "z-schema": {
          "version": "4.2.3",
          "resolved": "https://registry.npmjs.org/z-schema/-/z-schema-4.2.3.tgz",
          "integrity": "sha512-zkvK/9TC6p38IwcrbnT3ul9in1UX4cm1y/VZSs4GHKIiDCrlafc+YQBgQBUdDXLAoZHf2qvQ7gJJOo6yT1LH6A==",
          "requires": {
            "commander": "^2.7.1",
            "lodash.get": "^4.4.2",
            "lodash.isequal": "^4.5.0",
            "validator": "^12.0.0"
          }
        }
      }
    }
  }
}
